// !$*UTF8*$!
{
	archiveVersion = 1;
	classes = {
	};
	objectVersion = 70;
	objects = {

/* Begin PBXBuildFile section */
		8F91C4C12E8D191C00DDAA62 /* FavoriteButton.swift in Sources */ = {isa = PBXBuildFile; fileRef = 8F91C4C02E8D190900DDAA62 /* FavoriteButton.swift */; };
		8FD1F3CC2E8BB7450008193C /* PaisajeRow.swift in Sources */ = {isa = PBXBuildFile; fileRef = 8FD1F3CB2E8BB72E0008193C /* PaisajeRow.swift */; };
		8FD1F3CE2E8BBA8E0008193C /* PaisajeList.swift in Sources */ = {isa = PBXBuildFile; fileRef = 8FD1F3CD2E8BBA800008193C /* PaisajeList.swift */; };
		8FD1F3D02E8BBC0E0008193C /* PaisajeDetail.swift in Sources */ = {isa = PBXBuildFile; fileRef = 8FD1F3CF2E8BBBF90008193C /* PaisajeDetail.swift */; };
		8FF774AD2E83B7EC000F714C /* landmarkData.json in Resources */ = {isa = PBXBuildFile; fileRef = 8FF774AC2E83B7EC000F714C /* landmarkData.json */; };
		8FF774AF2E83B81E000F714C /* Paisaje.swift in Sources */ = {isa = PBXBuildFile; fileRef = 8FF774AE2E83B815000F714C /* Paisaje.swift */; };
		8FF774B12E83C08F000F714C /* ModelData.swift in Sources */ = {isa = PBXBuildFile; fileRef = 8FF774B02E83C085000F714C /* ModelData.swift */; };
		DD9B4B7D2E71DAD80093161B /* PaisajesApp.swift in Sources */ = {isa = PBXBuildFile; fileRef = DD9B4B7C2E71DAD80093161B /* PaisajesApp.swift */; };
		DD9B4B7F2E71DAD80093161B /* ContentView.swift in Sources */ = {isa = PBXBuildFile; fileRef = DD9B4B7E2E71DAD80093161B /* ContentView.swift */; };
		DD9B4B812E71DADB0093161B /* Assets.xcassets in Resources */ = {isa = PBXBuildFile; fileRef = DD9B4B802E71DADB0093161B /* Assets.xcassets */; };
		DD9B4B842E71DADB0093161B /* Preview Assets.xcassets in Resources */ = {isa = PBXBuildFile; fileRef = DD9B4B832E71DADB0093161B /* Preview Assets.xcassets */; };
		DD9B4B8E2E71DADB0093161B /* PaisajesTests.swift in Sources */ = {isa = PBXBuildFile; fileRef = DD9B4B8D2E71DADB0093161B /* PaisajesTests.swift */; };
		DD9B4B982E71DADB0093161B /* PaisajesUITests.swift in Sources */ = {isa = PBXBuildFile; fileRef = DD9B4B972E71DADB0093161B /* PaisajesUITests.swift */; };
		DD9B4B9A2E71DADB0093161B /* PaisajesUITestsLaunchTests.swift in Sources */ = {isa = PBXBuildFile; fileRef = DD9B4B992E71DADB0093161B /* PaisajesUITestsLaunchTests.swift */; };
		DD9B4BA72E71E2F10093161B /* CircularImage.swift in Sources */ = {isa = PBXBuildFile; fileRef = DD9B4BA62E71E2F10093161B /* CircularImage.swift */; };
		DD9B4BA92E71E4FF0093161B /* MapView.swift in Sources */ = {isa = PBXBuildFile; fileRef = DD9B4BA82E71E4FF0093161B /* MapView.swift */; };
/* End PBXBuildFile section */

/* Begin PBXContainerItemProxy section */
		DD9B4B8A2E71DADB0093161B /* PBXContainerItemProxy */ = {
			isa = PBXContainerItemProxy;
			containerPortal = DD9B4B712E71DAD80093161B /* Project object */;
			proxyType = 1;
			remoteGlobalIDString = DD9B4B782E71DAD80093161B;
			remoteInfo = Paisajes;
		};
		DD9B4B942E71DADB0093161B /* PBXContainerItemProxy */ = {
			isa = PBXContainerItemProxy;
			containerPortal = DD9B4B712E71DAD80093161B /* Project object */;
			proxyType = 1;
			remoteGlobalIDString = DD9B4B782E71DAD80093161B;
			remoteInfo = Paisajes;
		};
/* End PBXContainerItemProxy section */

/* Begin PBXFileReference section */
		8F91C4C02E8D190900DDAA62 /* FavoriteButton.swift */ = {isa = PBXFileReference; lastKnownFileType = sourcecode.swift; path = FavoriteButton.swift; sourceTree = "<group>"; };
		8FD1F3CB2E8BB72E0008193C /* PaisajeRow.swift */ = {isa = PBXFileReference; lastKnownFileType = sourcecode.swift; path = PaisajeRow.swift; sourceTree = "<group>"; };
		8FD1F3CD2E8BBA800008193C /* PaisajeList.swift */ = {isa = PBXFileReference; lastKnownFileType = sourcecode.swift; path = PaisajeList.swift; sourceTree = "<group>"; };
		8FD1F3CF2E8BBBF90008193C /* PaisajeDetail.swift */ = {isa = PBXFileReference; lastKnownFileType = sourcecode.swift; path = PaisajeDetail.swift; sourceTree = "<group>"; };
		8FF774AC2E83B7EC000F714C /* landmarkData.json */ = {isa = PBXFileReference; lastKnownFileType = text.json; path = landmarkData.json; sourceTree = "<group>"; };
		8FF774AE2E83B815000F714C /* Paisaje.swift */ = {isa = PBXFileReference; lastKnownFileType = sourcecode.swift; path = Paisaje.swift; sourceTree = "<group>"; };
		8FF774B02E83C085000F714C /* ModelData.swift */ = {isa = PBXFileReference; lastKnownFileType = sourcecode.swift; path = ModelData.swift; sourceTree = "<group>"; };
		DD9B4B792E71DAD80093161B /* Paisajes.app */ = {isa = PBXFileReference; explicitFileType = wrapper.application; includeInIndex = 0; path = Paisajes.app; sourceTree = BUILT_PRODUCTS_DIR; };
		DD9B4B7C2E71DAD80093161B /* PaisajesApp.swift */ = {isa = PBXFileReference; lastKnownFileType = sourcecode.swift; path = PaisajesApp.swift; sourceTree = "<group>"; };
		DD9B4B7E2E71DAD80093161B /* ContentView.swift */ = {isa = PBXFileReference; lastKnownFileType = sourcecode.swift; path = ContentView.swift; sourceTree = "<group>"; };
		DD9B4B802E71DADB0093161B /* Assets.xcassets */ = {isa = PBXFileReference; lastKnownFileType = folder.assetcatalog; path = Assets.xcassets; sourceTree = "<group>"; };
		DD9B4B832E71DADB0093161B /* Preview Assets.xcassets */ = {isa = PBXFileReference; lastKnownFileType = folder.assetcatalog; path = "Preview Assets.xcassets"; sourceTree = "<group>"; };
		DD9B4B892E71DADB0093161B /* PaisajesTests.xctest */ = {isa = PBXFileReference; explicitFileType = wrapper.cfbundle; includeInIndex = 0; path = PaisajesTests.xctest; sourceTree = BUILT_PRODUCTS_DIR; };
		DD9B4B8D2E71DADB0093161B /* PaisajesTests.swift */ = {isa = PBXFileReference; lastKnownFileType = sourcecode.swift; path = PaisajesTests.swift; sourceTree = "<group>"; };
		DD9B4B932E71DADB0093161B /* PaisajesUITests.xctest */ = {isa = PBXFileReference; explicitFileType = wrapper.cfbundle; includeInIndex = 0; path = PaisajesUITests.xctest; sourceTree = BUILT_PRODUCTS_DIR; };
		DD9B4B972E71DADB0093161B /* PaisajesUITests.swift */ = {isa = PBXFileReference; lastKnownFileType = sourcecode.swift; path = PaisajesUITests.swift; sourceTree = "<group>"; };
		DD9B4B992E71DADB0093161B /* PaisajesUITestsLaunchTests.swift */ = {isa = PBXFileReference; lastKnownFileType = sourcecode.swift; path = PaisajesUITestsLaunchTests.swift; sourceTree = "<group>"; };
		DD9B4BA62E71E2F10093161B /* CircularImage.swift */ = {isa = PBXFileReference; lastKnownFileType = sourcecode.swift; path = CircularImage.swift; sourceTree = "<group>"; };
		DD9B4BA82E71E4FF0093161B /* MapView.swift */ = {isa = PBXFileReference; lastKnownFileType = sourcecode.swift; path = MapView.swift; sourceTree = "<group>"; };
/* End PBXFileReference section */

/* Begin PBXFileSystemSynchronizedRootGroup section */
		8FF774732E83B2EB000F714C /* New Folder */ = {isa = PBXFileSystemSynchronizedRootGroup; explicitFileTypes = {}; explicitFolders = (); path = "New Folder"; sourceTree = "<group>"; };
/* End PBXFileSystemSynchronizedRootGroup section */

/* Begin PBXFrameworksBuildPhase section */
		DD9B4B762E71DAD80093161B /* Frameworks */ = {
			isa = PBXFrameworksBuildPhase;
			buildActionMask = 2147483647;
			files = (
			);
			runOnlyForDeploymentPostprocessing = 0;
		};
		DD9B4B862E71DADB0093161B /* Frameworks */ = {
			isa = PBXFrameworksBuildPhase;
			buildActionMask = 2147483647;
			files = (
			);
			runOnlyForDeploymentPostprocessing = 0;
		};
		DD9B4B902E71DADB0093161B /* Frameworks */ = {
			isa = PBXFrameworksBuildPhase;
			buildActionMask = 2147483647;
			files = (
			);
			runOnlyForDeploymentPostprocessing = 0;
		};
/* End PBXFrameworksBuildPhase section */

/* Begin PBXGroup section */
		8FF774B22E83C70F000F714C /* Views */ = {
			isa = PBXGroup;
			children = (
				8F91C4C02E8D190900DDAA62 /* FavoriteButton.swift */,
				8FD1F3CF2E8BBBF90008193C /* PaisajeDetail.swift */,
				8FD1F3CD2E8BBA800008193C /* PaisajeList.swift */,
				8FD1F3CB2E8BB72E0008193C /* PaisajeRow.swift */,
				DD9B4B7E2E71DAD80093161B /* ContentView.swift */,
				DD9B4BA62E71E2F10093161B /* CircularImage.swift */,
				DD9B4BA82E71E4FF0093161B /* MapView.swift */,
			);
			path = Views;
			sourceTree = "<group>";
		};
		8FF774B32E83C72C000F714C /* Resources */ = {
			isa = PBXGroup;
			children = (
				8FF774AC2E83B7EC000F714C /* landmarkData.json */,
			);
			path = Resources;
			sourceTree = "<group>";
		};
		8FF774B42E83C756000F714C /* Models */ = {
			isa = PBXGroup;
			children = (
				8FF774AE2E83B815000F714C /* Paisaje.swift */,
				8FF774B02E83C085000F714C /* ModelData.swift */,
			);
			path = Models;
			sourceTree = "<group>";
		};
		DD9B4B702E71DAD80093161B = {
			isa = PBXGroup;
			children = (
				8FF774B42E83C756000F714C /* Models */,
				8FF774B32E83C72C000F714C /* Resources */,
				8FF774B22E83C70F000F714C /* Views */,
				DD9B4B7B2E71DAD80093161B /* Paisajes */,
				DD9B4B8C2E71DADB0093161B /* PaisajesTests */,
				DD9B4B962E71DADB0093161B /* PaisajesUITests */,
				DD9B4B7A2E71DAD80093161B /* Products */,
			);
			sourceTree = "<group>";
		};
		DD9B4B7A2E71DAD80093161B /* Products */ = {
			isa = PBXGroup;
			children = (
				DD9B4B792E71DAD80093161B /* Paisajes.app */,
				DD9B4B892E71DADB0093161B /* PaisajesTests.xctest */,
				DD9B4B932E71DADB0093161B /* PaisajesUITests.xctest */,
			);
			name = Products;
			sourceTree = "<group>";
		};
		DD9B4B7B2E71DAD80093161B /* Paisajes */ = {
			isa = PBXGroup;
			children = (
				DD9B4B7C2E71DAD80093161B /* PaisajesApp.swift */,
				DD9B4B802E71DADB0093161B /* Assets.xcassets */,
				8FF774732E83B2EB000F714C /* New Folder */,
				DD9B4B822E71DADB0093161B /* Preview Content */,
			);
			path = Paisajes;
			sourceTree = "<group>";
		};
		DD9B4B822E71DADB0093161B /* Preview Content */ = {
			isa = PBXGroup;
			children = (
				DD9B4B832E71DADB0093161B /* Preview Assets.xcassets */,
			);
			path = "Preview Content";
			sourceTree = "<group>";
		};
		DD9B4B8C2E71DADB0093161B /* PaisajesTests */ = {
			isa = PBXGroup;
			children = (
				DD9B4B8D2E71DADB0093161B /* PaisajesTests.swift */,
			);
			path = PaisajesTests;
			sourceTree = "<group>";
		};
		DD9B4B962E71DADB0093161B /* PaisajesUITests */ = {
			isa = PBXGroup;
			children = (
				DD9B4B972E71DADB0093161B /* PaisajesUITests.swift */,
				DD9B4B992E71DADB0093161B /* PaisajesUITestsLaunchTests.swift */,
			);
			path = PaisajesUITests;
			sourceTree = "<group>";
		};
/* End PBXGroup section */

/* Begin PBXNativeTarget section */
		DD9B4B782E71DAD80093161B /* Paisajes */ = {
			isa = PBXNativeTarget;
			buildConfigurationList = DD9B4B9D2E71DADB0093161B /* Build configuration list for PBXNativeTarget "Paisajes" */;
			buildPhases = (
				DD9B4B752E71DAD80093161B /* Sources */,
				DD9B4B762E71DAD80093161B /* Frameworks */,
				DD9B4B772E71DAD80093161B /* Resources */,
			);
			buildRules = (
			);
			dependencies = (
			);
			fileSystemSynchronizedGroups = (
				8FF774732E83B2EB000F714C /* New Folder */,
			);
			name = Paisajes;
			productName = Paisajes;
			productReference = DD9B4B792E71DAD80093161B /* Paisajes.app */;
			productType = "com.apple.product-type.application";
		};
		DD9B4B882E71DADB0093161B /* PaisajesTests */ = {
			isa = PBXNativeTarget;
			buildConfigurationList = DD9B4BA02E71DADB0093161B /* Build configuration list for PBXNativeTarget "PaisajesTests" */;
			buildPhases = (
				DD9B4B852E71DADB0093161B /* Sources */,
				DD9B4B862E71DADB0093161B /* Frameworks */,
				DD9B4B872E71DADB0093161B /* Resources */,
			);
			buildRules = (
			);
			dependencies = (
				DD9B4B8B2E71DADB0093161B /* PBXTargetDependency */,
			);
			name = PaisajesTests;
			productName = PaisajesTests;
			productReference = DD9B4B892E71DADB0093161B /* PaisajesTests.xctest */;
			productType = "com.apple.product-type.bundle.unit-test";
		};
		DD9B4B922E71DADB0093161B /* PaisajesUITests */ = {
			isa = PBXNativeTarget;
			buildConfigurationList = DD9B4BA32E71DADB0093161B /* Build configuration list for PBXNativeTarget "PaisajesUITests" */;
			buildPhases = (
				DD9B4B8F2E71DADB0093161B /* Sources */,
				DD9B4B902E71DADB0093161B /* Frameworks */,
				DD9B4B912E71DADB0093161B /* Resources */,
			);
			buildRules = (
			);
			dependencies = (
				DD9B4B952E71DADB0093161B /* PBXTargetDependency */,
			);
			name = PaisajesUITests;
			productName = PaisajesUITests;
			productReference = DD9B4B932E71DADB0093161B /* PaisajesUITests.xctest */;
			productType = "com.apple.product-type.bundle.ui-testing";
		};
/* End PBXNativeTarget section */

/* Begin PBXProject section */
		DD9B4B712E71DAD80093161B /* Project object */ = {
			isa = PBXProject;
			attributes = {
				BuildIndependentTargetsInParallel = 1;
				LastSwiftUpdateCheck = 1420;
				LastUpgradeCheck = 1420;
				TargetAttributes = {
					DD9B4B782E71DAD80093161B = {
						CreatedOnToolsVersion = 14.2;
					};
					DD9B4B882E71DADB0093161B = {
						CreatedOnToolsVersion = 14.2;
						TestTargetID = DD9B4B782E71DAD80093161B;
					};
					DD9B4B922E71DADB0093161B = {
						CreatedOnToolsVersion = 14.2;
						TestTargetID = DD9B4B782E71DAD80093161B;
					};
				};
			};
			buildConfigurationList = DD9B4B742E71DAD80093161B /* Build configuration list for PBXProject "Paisajes" */;
			compatibilityVersion = "Xcode 14.0";
			developmentRegion = en;
			hasScannedForEncodings = 0;
			knownRegions = (
				en,
				Base,
			);
			mainGroup = DD9B4B702E71DAD80093161B;
			productRefGroup = DD9B4B7A2E71DAD80093161B /* Products */;
			projectDirPath = "";
			projectRoot = "";
			targets = (
				DD9B4B782E71DAD80093161B /* Paisajes */,
				DD9B4B882E71DADB0093161B /* PaisajesTests */,
				DD9B4B922E71DADB0093161B /* PaisajesUITests */,
			);
		};
/* End PBXProject section */

/* Begin PBXResourcesBuildPhase section */
		DD9B4B772E71DAD80093161B /* Resources */ = {
			isa = PBXResourcesBuildPhase;
			buildActionMask = 2147483647;
			files = (
				DD9B4B842E71DADB0093161B /* Preview Assets.xcassets in Resources */,
				DD9B4B812E71DADB0093161B /* Assets.xcassets in Resources */,
				8FF774AD2E83B7EC000F714C /* landmarkData.json in Resources */,
			);
			runOnlyForDeploymentPostprocessing = 0;
		};
		DD9B4B872E71DADB0093161B /* Resources */ = {
			isa = PBXResourcesBuildPhase;
			buildActionMask = 2147483647;
			files = (
			);
			runOnlyForDeploymentPostprocessing = 0;
		};
		DD9B4B912E71DADB0093161B /* Resources */ = {
			isa = PBXResourcesBuildPhase;
			buildActionMask = 2147483647;
			files = (
			);
			runOnlyForDeploymentPostprocessing = 0;
		};
/* End PBXResourcesBuildPhase section */

/* Begin PBXSourcesBuildPhase section */
		DD9B4B752E71DAD80093161B /* Sources */ = {
			isa = PBXSourcesBuildPhase;
			buildActionMask = 2147483647;
			files = (
				DD9B4B7F2E71DAD80093161B /* ContentView.swift in Sources */,
				DD9B4BA92E71E4FF0093161B /* MapView.swift in Sources */,
				DD9B4B7D2E71DAD80093161B /* PaisajesApp.swift in Sources */,
				8F91C4C12E8D191C00DDAA62 /* FavoriteButton.swift in Sources */,
				8FD1F3D02E8BBC0E0008193C /* PaisajeDetail.swift in Sources */,
				8FF774AF2E83B81E000F714C /* Paisaje.swift in Sources */,
				DD9B4BA72E71E2F10093161B /* CircularImage.swift in Sources */,
				8FD1F3CE2E8BBA8E0008193C /* PaisajeList.swift in Sources */,
				8FF774B12E83C08F000F714C /* ModelData.swift in Sources */,
				8FD1F3CC2E8BB7450008193C /* PaisajeRow.swift in Sources */,
			);
			runOnlyForDeploymentPostprocessing = 0;
		};
		DD9B4B852E71DADB0093161B /* Sources */ = {
			isa = PBXSourcesBuildPhase;
			buildActionMask = 2147483647;
			files = (
				DD9B4B8E2E71DADB0093161B /* PaisajesTests.swift in Sources */,
			);
			runOnlyForDeploymentPostprocessing = 0;
		};
		DD9B4B8F2E71DADB0093161B /* Sources */ = {
			isa = PBXSourcesBuildPhase;
			buildActionMask = 2147483647;
			files = (
				DD9B4B9A2E71DADB0093161B /* PaisajesUITestsLaunchTests.swift in Sources */,
				DD9B4B982E71DADB0093161B /* PaisajesUITests.swift in Sources */,
			);
			runOnlyForDeploymentPostprocessing = 0;
		};
/* End PBXSourcesBuildPhase section */

/* Begin PBXTargetDependency section */
		DD9B4B8B2E71DADB0093161B /* PBXTargetDependency */ = {
			isa = PBXTargetDependency;
			target = DD9B4B782E71DAD80093161B /* Paisajes */;
			targetProxy = DD9B4B8A2E71DADB0093161B /* PBXContainerItemProxy */;
		};
		DD9B4B952E71DADB0093161B /* PBXTargetDependency */ = {
			isa = PBXTargetDependency;
			target = DD9B4B782E71DAD80093161B /* Paisajes */;
			targetProxy = DD9B4B942E71DADB0093161B /* PBXContainerItemProxy */;
		};
/* End PBXTargetDependency section */

/* Begin XCBuildConfiguration section */
		DD9B4B9B2E71DADB0093161B /* Debug */ = {
			isa = XCBuildConfiguration;
			buildSettings = {
				ALWAYS_SEARCH_USER_PATHS = NO;
				CLANG_ANALYZER_NONNULL = YES;
				CLANG_ANALYZER_NUMBER_OBJECT_CONVERSION = YES_AGGRESSIVE;
				CLANG_CXX_LANGUAGE_STANDARD = "gnu++20";
				CLANG_ENABLE_MODULES = YES;
				CLANG_ENABLE_OBJC_ARC = YES;
				CLANG_ENABLE_OBJC_WEAK = YES;
				CLANG_WARN_BLOCK_CAPTURE_AUTORELEASING = YES;
				CLANG_WARN_BOOL_CONVERSION = YES;
				CLANG_WARN_COMMA = YES;
				CLANG_WARN_CONSTANT_CONVERSION = YES;
				CLANG_WARN_DEPRECATED_OBJC_IMPLEMENTATIONS = YES;
				CLANG_WARN_DIRECT_OBJC_ISA_USAGE = YES_ERROR;
				CLANG_WARN_DOCUMENTATION_COMMENTS = YES;
				CLANG_WARN_EMPTY_BODY = YES;
				CLANG_WARN_ENUM_CONVERSION = YES;
				CLANG_WARN_INFINITE_RECURSION = YES;
				CLANG_WARN_INT_CONVERSION = YES;
				CLANG_WARN_NON_LITERAL_NULL_CONVERSION = YES;
				CLANG_WARN_OBJC_IMPLICIT_RETAIN_SELF = YES;
				CLANG_WARN_OBJC_LITERAL_CONVERSION = YES;
				CLANG_WARN_OBJC_ROOT_CLASS = YES_ERROR;
				CLANG_WARN_QUOTED_INCLUDE_IN_FRAMEWORK_HEADER = YES;
				CLANG_WARN_RANGE_LOOP_ANALYSIS = YES;
				CLANG_WARN_STRICT_PROTOTYPES = YES;
				CLANG_WARN_SUSPICIOUS_MOVE = YES;
				CLANG_WARN_UNGUARDED_AVAILABILITY = YES_AGGRESSIVE;
				CLANG_WARN_UNREACHABLE_CODE = YES;
				CLANG_WARN__DUPLICATE_METHOD_MATCH = YES;
				COPY_PHASE_STRIP = NO;
				DEBUG_INFORMATION_FORMAT = dwarf;
				ENABLE_STRICT_OBJC_MSGSEND = YES;
				ENABLE_TESTABILITY = YES;
				GCC_C_LANGUAGE_STANDARD = gnu11;
				GCC_DYNAMIC_NO_PIC = NO;
				GCC_NO_COMMON_BLOCKS = YES;
				GCC_OPTIMIZATION_LEVEL = 0;
				GCC_PREPROCESSOR_DEFINITIONS = (
					"DEBUG=1",
					"$(inherited)",
				);
				GCC_WARN_64_TO_32_BIT_CONVERSION = YES;
				GCC_WARN_ABOUT_RETURN_TYPE = YES_ERROR;
				GCC_WARN_UNDECLARED_SELECTOR = YES;
				GCC_WARN_UNINITIALIZED_AUTOS = YES_AGGRESSIVE;
				GCC_WARN_UNUSED_FUNCTION = YES;
				GCC_WARN_UNUSED_VARIABLE = YES;
				IPHONEOS_DEPLOYMENT_TARGET = 16.2;
				MTL_ENABLE_DEBUG_INFO = INCLUDE_SOURCE;
				MTL_FAST_MATH = YES;
				ONLY_ACTIVE_ARCH = YES;
				SDKROOT = iphoneos;
				SWIFT_ACTIVE_COMPILATION_CONDITIONS = DEBUG;
				SWIFT_OPTIMIZATION_LEVEL = "-Onone";
			};
			name = Debug;
		};
		DD9B4B9C2E71DADB0093161B /* Release */ = {
			isa = XCBuildConfiguration;
			buildSettings = {
				ALWAYS_SEARCH_USER_PATHS = NO;
				CLANG_ANALYZER_NONNULL = YES;
				CLANG_ANALYZER_NUMBER_OBJECT_CONVERSION = YES_AGGRESSIVE;
				CLANG_CXX_LANGUAGE_STANDARD = "gnu++20";
				CLANG_ENABLE_MODULES = YES;
				CLANG_ENABLE_OBJC_ARC = YES;
				CLANG_ENABLE_OBJC_WEAK = YES;
				CLANG_WARN_BLOCK_CAPTURE_AUTORELEASING = YES;
				CLANG_WARN_BOOL_CONVERSION = YES;
				CLANG_WARN_COMMA = YES;
				CLANG_WARN_CONSTANT_CONVERSION = YES;
				CLANG_WARN_DEPRECATED_OBJC_IMPLEMENTATIONS = YES;
				CLANG_WARN_DIRECT_OBJC_ISA_USAGE = YES_ERROR;
				CLANG_WARN_DOCUMENTATION_COMMENTS = YES;
				CLANG_WARN_EMPTY_BODY = YES;
				CLANG_WARN_ENUM_CONVERSION = YES;
				CLANG_WARN_INFINITE_RECURSION = YES;
				CLANG_WARN_INT_CONVERSION = YES;
				CLANG_WARN_NON_LITERAL_NULL_CONVERSION = YES;
				CLANG_WARN_OBJC_IMPLICIT_RETAIN_SELF = YES;
				CLANG_WARN_OBJC_LITERAL_CONVERSION = YES;
				CLANG_WARN_OBJC_ROOT_CLASS = YES_ERROR;
				CLANG_WARN_QUOTED_INCLUDE_IN_FRAMEWORK_HEADER = YES;
				CLANG_WARN_RANGE_LOOP_ANALYSIS = YES;
				CLANG_WARN_STRICT_PROTOTYPES = YES;
				CLANG_WARN_SUSPICIOUS_MOVE = YES;
				CLANG_WARN_UNGUARDED_AVAILABILITY = YES_AGGRESSIVE;
				CLANG_WARN_UNREACHABLE_CODE = YES;
				CLANG_WARN__DUPLICATE_METHOD_MATCH = YES;
				COPY_PHASE_STRIP = NO;
				DEBUG_INFORMATION_FORMAT = "dwarf-with-dsym";
				ENABLE_NS_ASSERTIONS = NO;
				ENABLE_STRICT_OBJC_MSGSEND = YES;
				GCC_C_LANGUAGE_STANDARD = gnu11;
				GCC_NO_COMMON_BLOCKS = YES;
				GCC_WARN_64_TO_32_BIT_CONVERSION = YES;
				GCC_WARN_ABOUT_RETURN_TYPE = YES_ERROR;
				GCC_WARN_UNDECLARED_SELECTOR = YES;
				GCC_WARN_UNINITIALIZED_AUTOS = YES_AGGRESSIVE;
				GCC_WARN_UNUSED_FUNCTION = YES;
				GCC_WARN_UNUSED_VARIABLE = YES;
				IPHONEOS_DEPLOYMENT_TARGET = 16.2;
				MTL_ENABLE_DEBUG_INFO = NO;
				MTL_FAST_MATH = YES;
				SDKROOT = iphoneos;
				SWIFT_COMPILATION_MODE = wholemodule;
				SWIFT_OPTIMIZATION_LEVEL = "-O";
				VALIDATE_PRODUCT = YES;
			};
			name = Release;
		};
		DD9B4B9E2E71DADB0093161B /* Debug */ = {
			isa = XCBuildConfiguration;
			buildSettings = {
				ASSETCATALOG_COMPILER_APPICON_NAME = AppIcon;
				ASSETCATALOG_COMPILER_GLOBAL_ACCENT_COLOR_NAME = AccentColor;
				CODE_SIGN_STYLE = Automatic;
				CURRENT_PROJECT_VERSION = 1;
				DEVELOPMENT_ASSET_PATHS = "\"Paisajes/Preview Content\"";
				ENABLE_PREVIEWS = YES;
				GENERATE_INFOPLIST_FILE = YES;
				INFOPLIST_KEY_UIApplicationSceneManifest_Generation = YES;
				INFOPLIST_KEY_UIApplicationSupportsIndirectInputEvents = YES;
				INFOPLIST_KEY_UILaunchScreen_Generation = YES;
				INFOPLIST_KEY_UISupportedInterfaceOrientations_iPad = "UIInterfaceOrientationPortrait UIInterfaceOrientationPortraitUpsideDown UIInterfaceOrientationLandscapeLeft UIInterfaceOrientationLandscapeRight";
				INFOPLIST_KEY_UISupportedInterfaceOrientations_iPhone = "UIInterfaceOrientationPortrait UIInterfaceOrientationLandscapeLeft UIInterfaceOrientationLandscapeRight";
				IPHONEOS_DEPLOYMENT_TARGET = 17.6;
				LD_RUNPATH_SEARCH_PATHS = (
					"$(inherited)",
					"@executable_path/Frameworks",
				);
				MARKETING_VERSION = 1.0;
				PRODUCT_BUNDLE_IDENTIFIER = practica.Paisajes;
				PRODUCT_NAME = "$(TARGET_NAME)";
				SWIFT_EMIT_LOC_STRINGS = YES;
				SWIFT_VERSION = 5.0;
				TARGETED_DEVICE_FAMILY = "1,2";
			};
			name = Debug;
		};
		DD9B4B9F2E71DADB0093161B /* Release */ = {
			isa = XCBuildConfiguration;
			buildSettings = {
				ASSETCATALOG_COMPILER_APPICON_NAME = AppIcon;
				ASSETCATALOG_COMPILER_GLOBAL_ACCENT_COLOR_NAME = AccentColor;
				CODE_SIGN_STYLE = Automatic;
				CURRENT_PROJECT_VERSION = 1;
				DEVELOPMENT_ASSET_PATHS = "\"Paisajes/Preview Content\"";
				ENABLE_PREVIEWS = YES;
				GENERATE_INFOPLIST_FILE = YES;
				INFOPLIST_KEY_UIApplicationSceneManifest_Generation = YES;
				INFOPLIST_KEY_UIApplicationSupportsIndirectInputEvents = YES;
				INFOPLIST_KEY_UILaunchScreen_Generation = YES;
				INFOPLIST_KEY_UISupportedInterfaceOrientations_iPad = "UIInterfaceOrientationPortrait UIInterfaceOrientationPortraitUpsideDown UIInterfaceOrientationLandscapeLeft UIInterfaceOrientationLandscapeRight";
				INFOPLIST_KEY_UISupportedInterfaceOrientations_iPhone = "UIInterfaceOrientationPortrait UIInterfaceOrientationLandscapeLeft UIInterfaceOrientationLandscapeRight";
				IPHONEOS_DEPLOYMENT_TARGET = 17.6;
				LD_RUNPATH_SEARCH_PATHS = (
					"$(inherited)",
					"@executable_path/Frameworks",
				);
				MARKETING_VERSION = 1.0;
				PRODUCT_BUNDLE_IDENTIFIER = practica.Paisajes;
				PRODUCT_NAME = "$(TARGET_NAME)";
				SWIFT_EMIT_LOC_STRINGS = YES;
				SWIFT_VERSION = 5.0;
				TARGETED_DEVICE_FAMILY = "1,2";
			};
			name = Release;
		};
		DD9B4BA12E71DADB0093161B /* Debug */ = {
			isa = XCBuildConfiguration;
			buildSettings = {
				ALWAYS_EMBED_SWIFT_STANDARD_LIBRARIES = YES;
				BUNDLE_LOADER = "$(TEST_HOST)";
				CODE_SIGN_STYLE = Automatic;
				CURRENT_PROJECT_VERSION = 1;
				GENERATE_INFOPLIST_FILE = YES;
				IPHONEOS_DEPLOYMENT_TARGET = 16.2;
				MARKETING_VERSION = 1.0;
				PRODUCT_BUNDLE_IDENTIFIER = practica.PaisajesTests;
				PRODUCT_NAME = "$(TARGET_NAME)";
				SWIFT_EMIT_LOC_STRINGS = NO;
				SWIFT_VERSION = 5.0;
				TARGETED_DEVICE_FAMILY = "1,2";
				TEST_HOST = "$(BUILT_PRODUCTS_DIR)/Paisajes.app/$(BUNDLE_EXECUTABLE_FOLDER_PATH)/Paisajes";
			};
			name = Debug;
		};
		DD9B4BA22E71DADB0093161B /* Release */ = {
			isa = XCBuildConfiguration;
			buildSettings = {
				ALWAYS_EMBED_SWIFT_STANDARD_LIBRARIES = YES;
				BUNDLE_LOADER = "$(TEST_HOST)";
				CODE_SIGN_STYLE = Automatic;
				CURRENT_PROJECT_VERSION = 1;
				GENERATE_INFOPLIST_FILE = YES;
				IPHONEOS_DEPLOYMENT_TARGET = 16.2;
				MARKETING_VERSION = 1.0;
				PRODUCT_BUNDLE_IDENTIFIER = practica.PaisajesTests;
				PRODUCT_NAME = "$(TARGET_NAME)";
				SWIFT_EMIT_LOC_STRINGS = NO;
				SWIFT_VERSION = 5.0;
				TARGETED_DEVICE_FAMILY = "1,2";
				TEST_HOST = "$(BUILT_PRODUCTS_DIR)/Paisajes.app/$(BUNDLE_EXECUTABLE_FOLDER_PATH)/Paisajes";
			};
			name = Release;
		};
		DD9B4BA42E71DADB0093161B /* Debug */ = {
			isa = XCBuildConfiguration;
			buildSettings = {
				ALWAYS_EMBED_SWIFT_STANDARD_LIBRARIES = YES;
				CODE_SIGN_STYLE = Automatic;
				CURRENT_PROJECT_VERSION = 1;
				GENERATE_INFOPLIST_FILE = YES;
				IPHONEOS_DEPLOYMENT_TARGET = 17.6;
				MARKETING_VERSION = 1.0;
				PRODUCT_BUNDLE_IDENTIFIER = practica.PaisajesUITests;
				PRODUCT_NAME = "$(TARGET_NAME)";
				SWIFT_EMIT_LOC_STRINGS = NO;
				SWIFT_VERSION = 5.0;
				TARGETED_DEVICE_FAMILY = "1,2";
				TEST_TARGET_NAME = Paisajes;
			};
			name = Debug;
		};
		DD9B4BA52E71DADB0093161B /* Release */ = {
			isa = XCBuildConfiguration;
			buildSettings = {
				ALWAYS_EMBED_SWIFT_STANDARD_LIBRARIES = YES;
				CODE_SIGN_STYLE = Automatic;
				CURRENT_PROJECT_VERSION = 1;
				GENERATE_INFOPLIST_FILE = YES;
				IPHONEOS_DEPLOYMENT_TARGET = 17.6;
				MARKETING_VERSION = 1.0;
				PRODUCT_BUNDLE_IDENTIFIER = practica.PaisajesUITests;
				PRODUCT_NAME = "$(TARGET_NAME)";
				SWIFT_EMIT_LOC_STRINGS = NO;
				SWIFT_VERSION = 5.0;
				TARGETED_DEVICE_FAMILY = "1,2";
				TEST_TARGET_NAME = Paisajes;
			};
			name = Release;
		};
/* End XCBuildConfiguration section */

/* Begin XCConfigurationList section */
		DD9B4B742E71DAD80093161B /* Build configuration list for PBXProject "Paisajes" */ = {
			isa = XCConfigurationList;
			buildConfigurations = (
				DD9B4B9B2E71DADB0093161B /* Debug */,
				DD9B4B9C2E71DADB0093161B /* Release */,
			);
			defaultConfigurationIsVisible = 0;
			defaultConfigurationName = Release;
		};
		DD9B4B9D2E71DADB0093161B /* Build configuration list for PBXNativeTarget "Paisajes" */ = {
			isa = XCConfigurationList;
			buildConfigurations = (
				DD9B4B9E2E71DADB0093161B /* Debug */,
				DD9B4B9F2E71DADB0093161B /* Release */,
			);
			defaultConfigurationIsVisible = 0;
			defaultConfigurationName = Release;
		};
		DD9B4BA02E71DADB0093161B /* Build configuration list for PBXNativeTarget "PaisajesTests" */ = {
			isa = XCConfigurationList;
			buildConfigurations = (
				DD9B4BA12E71DADB0093161B /* Debug */,
				DD9B4BA22E71DADB0093161B /* Release */,
			);
			defaultConfigurationIsVisible = 0;
			defaultConfigurationName = Release;
		};
		DD9B4BA32E71DADB0093161B /* Build configuration list for PBXNativeTarget "PaisajesUITests" */ = {
			isa = XCConfigurationList;
			buildConfigurations = (
				DD9B4BA42E71DADB0093161B /* Debug */,
				DD9B4BA52E71DADB0093161B /* Release */,
			);
			defaultConfigurationIsVisible = 0;
			defaultConfigurationName = Release;
		};
/* End XCConfigurationList section */
	};
	rootObject = DD9B4B712E71DAD80093161B /* Project object */;
}
